// !$*UTF8*$!
{
	archiveVersion = 1;
	classes = {
	};
	objectVersion = 46;
	objects = {

/* Begin PBXBuildFile section */
		2C17D4391B8B899600E30C27 /* MFCSession.m in Sources */ = {isa = PBXBuildFile; fileRef = 2C17D4291B8B899600E30C27 /* MFCSession.m */; };
		2C17D43A1B8B899600E30C27 /* MFCError.m in Sources */ = {isa = PBXBuildFile; fileRef = 2C17D42E1B8B899600E30C27 /* MFCError.m */; };
		2C17D43B1B8B899600E30C27 /* NSData+HexString.m in Sources */ = {isa = PBXBuildFile; fileRef = 2C17D4331B8B899600E30C27 /* NSData+HexString.m */; };
		2C17D43C1B8B899600E30C27 /* NSString+MD5.m in Sources */ = {isa = PBXBuildFile; fileRef = 2C17D4351B8B899600E30C27 /* NSString+MD5.m */; };
		2C17D43D1B8B899600E30C27 /* NSURL+QueryItem.m in Sources */ = {isa = PBXBuildFile; fileRef = 2C17D4371B8B899600E30C27 /* NSURL+QueryItem.m */; };
		2C17D4491B8C433000E30C27 /* MFCError.h in Copy Files */ = {isa = PBXBuildFile; fileRef = 2C17D42D1B8B899600E30C27 /* MFCError.h */; };
		2C17D44A1B8C433000E30C27 /* MFCSession.h in Copy Files */ = {isa = PBXBuildFile; fileRef = 2C17D42B1B8B899600E30C27 /* MFCSession.h */; };
		2C17D44B1B8C433000E30C27 /* MisfitCloudAPI.h in Copy Files */ = {isa = PBXBuildFile; fileRef = 2C17D42F1B8B899600E30C27 /* MisfitCloudAPI.h */; };
		2C17D46C1B8C45A600E30C27 /* MFCAPIClient.m in Sources */ = {isa = PBXBuildFile; fileRef = 2C17D46B1B8C45A600E30C27 /* MFCAPIClient.m */; };
		2C9A8F651BBA4B1500EFA94D /* FSN_categories.m in Sources */ = {isa = PBXBuildFile; fileRef = 2C9A8F601BBA4B1500EFA94D /* FSN_categories.m */; };
		2C9A8F661BBA4B1500EFA94D /* FSNConnection.m in Sources */ = {isa = PBXBuildFile; fileRef = 2C9A8F621BBA4B1500EFA94D /* FSNConnection.m */; };
		2C9A8F671BBA4B1500EFA94D /* FSNData.m in Sources */ = {isa = PBXBuildFile; fileRef = 2C9A8F641BBA4B1500EFA94D /* FSNData.m */; };
/* End PBXBuildFile section */

/* Begin PBXCopyFilesBuildPhase section */
		2C17D4101B8B890800E30C27 /* Copy Files */ = {
			isa = PBXCopyFilesBuildPhase;
			buildActionMask = 2147483647;
			dstPath = "include/$(PRODUCT_NAME)";
			dstSubfolderSpec = 16;
			files = (
				2C17D4491B8C433000E30C27 /* MFCError.h in Copy Files */,
				2C17D44A1B8C433000E30C27 /* MFCSession.h in Copy Files */,
				2C17D44B1B8C433000E30C27 /* MisfitCloudAPI.h in Copy Files */,
			);
			name = "Copy Files";
			runOnlyForDeploymentPostprocessing = 0;
		};
/* End PBXCopyFilesBuildPhase section */

/* Begin PBXFileReference section */
		2C17D4121B8B890800E30C27 /* libMisfitCloudAPI.a */ = {isa = PBXFileReference; explicitFileType = archive.ar; includeInIndex = 0; path = libMisfitCloudAPI.a; sourceTree = BUILT_PRODUCTS_DIR; };
		2C17D4221B8B890900E30C27 /* Info.plist */ = {isa = PBXFileReference; lastKnownFileType = text.plist.xml; path = Info.plist; sourceTree = "<group>"; };
		2C17D4291B8B899600E30C27 /* MFCSession.m */ = {isa = PBXFileReference; fileEncoding = 4; lastKnownFileType = sourcecode.c.objc; path = MFCSession.m; sourceTree = "<group>"; };
		2C17D42A1B8B899600E30C27 /* Info.plist */ = {isa = PBXFileReference; fileEncoding = 4; lastKnownFileType = text.plist.xml; path = Info.plist; sourceTree = "<group>"; };
		2C17D42B1B8B899600E30C27 /* MFCSession.h */ = {isa = PBXFileReference; fileEncoding = 4; lastKnownFileType = sourcecode.c.h; path = MFCSession.h; sourceTree = "<group>"; };
		2C17D42D1B8B899600E30C27 /* MFCError.h */ = {isa = PBXFileReference; fileEncoding = 4; lastKnownFileType = sourcecode.c.h; path = MFCError.h; sourceTree = "<group>"; };
		2C17D42E1B8B899600E30C27 /* MFCError.m */ = {isa = PBXFileReference; fileEncoding = 4; lastKnownFileType = sourcecode.c.objc; path = MFCError.m; sourceTree = "<group>"; };
		2C17D42F1B8B899600E30C27 /* MisfitCloudAPI.h */ = {isa = PBXFileReference; fileEncoding = 4; lastKnownFileType = sourcecode.c.h; path = MisfitCloudAPI.h; sourceTree = "<group>"; };
		2C17D4321B8B899600E30C27 /* NSData+HexString.h */ = {isa = PBXFileReference; fileEncoding = 4; lastKnownFileType = sourcecode.c.h; path = "NSData+HexString.h"; sourceTree = "<group>"; };
		2C17D4331B8B899600E30C27 /* NSData+HexString.m */ = {isa = PBXFileReference; fileEncoding = 4; lastKnownFileType = sourcecode.c.objc; path = "NSData+HexString.m"; sourceTree = "<group>"; };
		2C17D4341B8B899600E30C27 /* NSString+MD5.h */ = {isa = PBXFileReference; fileEncoding = 4; lastKnownFileType = sourcecode.c.h; path = "NSString+MD5.h"; sourceTree = "<group>"; };
		2C17D4351B8B899600E30C27 /* NSString+MD5.m */ = {isa = PBXFileReference; fileEncoding = 4; lastKnownFileType = sourcecode.c.objc; path = "NSString+MD5.m"; sourceTree = "<group>"; };
		2C17D4361B8B899600E30C27 /* NSURL+QueryItem.h */ = {isa = PBXFileReference; fileEncoding = 4; lastKnownFileType = sourcecode.c.h; path = "NSURL+QueryItem.h"; sourceTree = "<group>"; };
		2C17D4371B8B899600E30C27 /* NSURL+QueryItem.m */ = {isa = PBXFileReference; fileEncoding = 4; lastKnownFileType = sourcecode.c.objc; path = "NSURL+QueryItem.m"; sourceTree = "<group>"; };
		2C17D46A1B8C45A600E30C27 /* MFCAPIClient.h */ = {isa = PBXFileReference; fileEncoding = 4; lastKnownFileType = sourcecode.c.h; name = MFCAPIClient.h; path = Network/MFCAPIClient.h; sourceTree = "<group>"; };
		2C17D46B1B8C45A600E30C27 /* MFCAPIClient.m */ = {isa = PBXFileReference; fileEncoding = 4; lastKnownFileType = sourcecode.c.objc; name = MFCAPIClient.m; path = Network/MFCAPIClient.m; sourceTree = "<group>"; };
		2C17D4731B8C4FA200E30C27 /* Project.pch */ = {isa = PBXFileReference; lastKnownFileType = sourcecode.c.h; path = Project.pch; sourceTree = "<group>"; };
		2C5AE1781BB04CF90088C979 /* MFCError+Private.h */ = {isa = PBXFileReference; fileEncoding = 4; lastKnownFileType = sourcecode.c.h; path = "MFCError+Private.h"; sourceTree = "<group>"; };
		2C9A8F5F1BBA4B1500EFA94D /* FSN_categories.h */ = {isa = PBXFileReference; fileEncoding = 4; lastKnownFileType = sourcecode.c.h; path = FSN_categories.h; sourceTree = "<group>"; };
		2C9A8F601BBA4B1500EFA94D /* FSN_categories.m */ = {isa = PBXFileReference; fileEncoding = 4; lastKnownFileType = sourcecode.c.objc; path = FSN_categories.m; sourceTree = "<group>"; };
		2C9A8F611BBA4B1500EFA94D /* FSNConnection.h */ = {isa = PBXFileReference; fileEncoding = 4; lastKnownFileType = sourcecode.c.h; path = FSNConnection.h; sourceTree = "<group>"; };
		2C9A8F621BBA4B1500EFA94D /* FSNConnection.m */ = {isa = PBXFileReference; fileEncoding = 4; lastKnownFileType = sourcecode.c.objc; path = FSNConnection.m; sourceTree = "<group>"; };
		2C9A8F631BBA4B1500EFA94D /* FSNData.h */ = {isa = PBXFileReference; fileEncoding = 4; lastKnownFileType = sourcecode.c.h; path = FSNData.h; sourceTree = "<group>"; };
		2C9A8F641BBA4B1500EFA94D /* FSNData.m */ = {isa = PBXFileReference; fileEncoding = 4; lastKnownFileType = sourcecode.c.objc; path = FSNData.m; sourceTree = "<group>"; };
/* End PBXFileReference section */

/* Begin PBXFrameworksBuildPhase section */
		2C17D40F1B8B890800E30C27 /* Frameworks */ = {
			isa = PBXFrameworksBuildPhase;
			buildActionMask = 2147483647;
			files = (
			);
			runOnlyForDeploymentPostprocessing = 0;
		};
/* End PBXFrameworksBuildPhase section */

/* Begin PBXGroup section */
		2C17D4131B8B890800E30C27 /* MisfitCloudAPI */ = {
			isa = PBXGroup;
			children = (
				2C17D4691B8C44FC00E30C27 /* Network */,
				2C17D4681B8C44E700E30C27 /* 3rdparty */,
				2C17D43E1B8B89B200E30C27 /* Supporting Files */,
				2C17D4301B8B899600E30C27 /* Common */,
				2C17D42C1B8B899600E30C27 /* Errors */,
				2C17D42B1B8B899600E30C27 /* MFCSession.h */,
				2C17D4291B8B899600E30C27 /* MFCSession.m */,
				2C17D42F1B8B899600E30C27 /* MisfitCloudAPI.h */,
			);
			path = MisfitCloudAPI;
			sourceTree = "<group>";
		};
		2C17D4201B8B890900E30C27 /* MisfitCloudAPITests */ = {
			isa = PBXGroup;
			children = (
				2C17D4211B8B890900E30C27 /* Supporting Files */,
			);
			path = MisfitCloudAPITests;
			sourceTree = "<group>";
		};
		2C17D4211B8B890900E30C27 /* Supporting Files */ = {
			isa = PBXGroup;
			children = (
				2C17D4221B8B890900E30C27 /* Info.plist */,
			);
			name = "Supporting Files";
			sourceTree = "<group>";
		};
		2C17D42C1B8B899600E30C27 /* Errors */ = {
			isa = PBXGroup;
			children = (
				2C5AE1781BB04CF90088C979 /* MFCError+Private.h */,
				2C17D42D1B8B899600E30C27 /* MFCError.h */,
				2C17D42E1B8B899600E30C27 /* MFCError.m */,
			);
			path = Errors;
			sourceTree = "<group>";
		};
		2C17D4301B8B899600E30C27 /* Common */ = {
			isa = PBXGroup;
			children = (
				2C17D4311B8B899600E30C27 /* Categories */,
			);
			path = Common;
			sourceTree = "<group>";
		};
		2C17D4311B8B899600E30C27 /* Categories */ = {
			isa = PBXGroup;
			children = (
				2C17D4321B8B899600E30C27 /* NSData+HexString.h */,
				2C17D4331B8B899600E30C27 /* NSData+HexString.m */,
				2C17D4341B8B899600E30C27 /* NSString+MD5.h */,
				2C17D4351B8B899600E30C27 /* NSString+MD5.m */,
				2C17D4361B8B899600E30C27 /* NSURL+QueryItem.h */,
				2C17D4371B8B899600E30C27 /* NSURL+QueryItem.m */,
			);
			path = Categories;
			sourceTree = "<group>";
		};
		2C17D43E1B8B89B200E30C27 /* Supporting Files */ = {
			isa = PBXGroup;
			children = (
				2C17D42A1B8B899600E30C27 /* Info.plist */,
				2C17D4731B8C4FA200E30C27 /* Project.pch */,
			);
			name = "Supporting Files";
			sourceTree = "<group>";
		};
		2C17D4681B8C44E700E30C27 /* 3rdparty */ = {
			isa = PBXGroup;
			children = (
				2C9A8F5E1BBA4B1500EFA94D /* FSNetwork */,
			);
			name = 3rdparty;
			sourceTree = "<group>";
		};
		2C17D4691B8C44FC00E30C27 /* Network */ = {
			isa = PBXGroup;
			children = (
				2C17D46A1B8C45A600E30C27 /* MFCAPIClient.h */,
				2C17D46B1B8C45A600E30C27 /* MFCAPIClient.m */,
			);
			name = Network;
			sourceTree = "<group>";
		};
		2C837B061B79E4BC007C579A = {
			isa = PBXGroup;
			children = (
				2C17D4131B8B890800E30C27 /* MisfitCloudAPI */,
				2C17D4201B8B890900E30C27 /* MisfitCloudAPITests */,
				2C837B111B79E4BC007C579A /* Products */,
			);
			sourceTree = "<group>";
		};
		2C837B111B79E4BC007C579A /* Products */ = {
			isa = PBXGroup;
			children = (
				2C17D4121B8B890800E30C27 /* libMisfitCloudAPI.a */,
			);
			name = Products;
			sourceTree = "<group>";
		};
		2C9A8F5E1BBA4B1500EFA94D /* FSNetwork */ = {
			isa = PBXGroup;
			children = (
				2C9A8F5F1BBA4B1500EFA94D /* FSN_categories.h */,
				2C9A8F601BBA4B1500EFA94D /* FSN_categories.m */,
				2C9A8F611BBA4B1500EFA94D /* FSNConnection.h */,
				2C9A8F621BBA4B1500EFA94D /* FSNConnection.m */,
				2C9A8F631BBA4B1500EFA94D /* FSNData.h */,
				2C9A8F641BBA4B1500EFA94D /* FSNData.m */,
			);
			path = FSNetwork;
			sourceTree = "<group>";
		};
/* End PBXGroup section */

/* Begin PBXNativeTarget section */
		2C17D4111B8B890800E30C27 /* MisfitCloudAPI */ = {
			isa = PBXNativeTarget;
			buildConfigurationList = 2C17D4231B8B890900E30C27 /* Build configuration list for PBXNativeTarget "MisfitCloudAPI" */;
			buildPhases = (
				2C17D40E1B8B890800E30C27 /* Sources */,
				2C17D40F1B8B890800E30C27 /* Frameworks */,
				2C17D4101B8B890800E30C27 /* Copy Files */,
			);
			buildRules = (
			);
			dependencies = (
			);
			name = MisfitCloudAPI;
			productName = MisfitCloudAPI;
			productReference = 2C17D4121B8B890800E30C27 /* libMisfitCloudAPI.a */;
			productType = "com.apple.product-type.library.static";
		};
/* End PBXNativeTarget section */

/* Begin PBXProject section */
		2C837B071B79E4BC007C579A /* Project object */ = {
			isa = PBXProject;
			attributes = {
				LastUpgradeCheck = 0640;
				ORGANIZATIONNAME = Misfit;
				TargetAttributes = {
					2C17D4111B8B890800E30C27 = {
						CreatedOnToolsVersion = 6.4;
					};
				};
			};
			buildConfigurationList = 2C837B0A1B79E4BC007C579A /* Build configuration list for PBXProject "MisfitCloudAPIWrapper_iOS" */;
			compatibilityVersion = "Xcode 3.2";
			developmentRegion = English;
			hasScannedForEncodings = 0;
			knownRegions = (
				en,
			);
			mainGroup = 2C837B061B79E4BC007C579A;
			productRefGroup = 2C837B111B79E4BC007C579A /* Products */;
			projectDirPath = "";
			projectRoot = "";
			targets = (
				2C17D4111B8B890800E30C27 /* MisfitCloudAPI */,
			);
		};
/* End PBXProject section */

/* Begin PBXSourcesBuildPhase section */
		2C17D40E1B8B890800E30C27 /* Sources */ = {
			isa = PBXSourcesBuildPhase;
			buildActionMask = 2147483647;
			files = (
				2C17D4391B8B899600E30C27 /* MFCSession.m in Sources */,
				2C17D46C1B8C45A600E30C27 /* MFCAPIClient.m in Sources */,
				2C9A8F671BBA4B1500EFA94D /* FSNData.m in Sources */,
				2C17D43B1B8B899600E30C27 /* NSData+HexString.m in Sources */,
				2C17D43C1B8B899600E30C27 /* NSString+MD5.m in Sources */,
				2C9A8F651BBA4B1500EFA94D /* FSN_categories.m in Sources */,
				2C17D43D1B8B899600E30C27 /* NSURL+QueryItem.m in Sources */,
				2C17D43A1B8B899600E30C27 /* MFCError.m in Sources */,
				2C9A8F661BBA4B1500EFA94D /* FSNConnection.m in Sources */,
			);
			runOnlyForDeploymentPostprocessing = 0;
		};
/* End PBXSourcesBuildPhase section */

/* Begin XCBuildConfiguration section */
		2C17D4241B8B890900E30C27 /* Debug */ = {
			isa = XCBuildConfiguration;
			buildSettings = {
				ARCHS = (
					"$(ARCHS_STANDARD)",
					armv7s,
				);
				DEPLOYMENT_POSTPROCESSING = NO;
				GCC_PREFIX_HEADER = MisfitCloudAPI/Project.pch;
				GCC_PREPROCESSOR_DEFINITIONS = (
					"DEBUG=1",
					"$(inherited)",
				);
				IPHONEOS_DEPLOYMENT_TARGET = 6.0;
				ONLY_ACTIVE_ARCH = NO;
				OTHER_LDFLAGS = "-ObjC";
				OTHER_LIBTOOLFLAGS = "-ObjC";
				PRODUCT_NAME = "$(TARGET_NAME)";
				SKIP_INSTALL = YES;
				VALID_ARCHS = "arm64 armv7 armv7s";
			};
			name = Debug;
		};
		2C17D4251B8B890900E30C27 /* Release */ = {
			isa = XCBuildConfiguration;
			buildSettings = {
				ARCHS = (
					"$(ARCHS_STANDARD)",
					armv7s,
				);
				DEBUG_INFORMATION_FORMAT = dwarf;
				DEPLOYMENT_POSTPROCESSING = YES;
				"DEPLOYMENT_POSTPROCESSING[sdk=*]" = YES;
				GCC_GENERATE_DEBUGGING_SYMBOLS = NO;
				GCC_PREFIX_HEADER = MisfitCloudAPI/Project.pch;
				GCC_SYMBOLS_PRIVATE_EXTERN = YES;
				IPHONEOS_DEPLOYMENT_TARGET = 6.0;
				OTHER_LDFLAGS = "-ObjC";
				OTHER_LIBTOOLFLAGS = "-ObjC";
				PRODUCT_NAME = "$(TARGET_NAME)";
				SKIP_INSTALL = YES;
				VALID_ARCHS = "arm64 armv7 armv7s";
			};
			name = Release;
		};
		2C837B241B79E4BD007C579A /* Debug */ = {
			isa = XCBuildConfiguration;
			buildSettings = {
				ALWAYS_SEARCH_USER_PATHS = NO;
				CLANG_CXX_LANGUAGE_STANDARD = "gnu++0x";
				CLANG_CXX_LIBRARY = "libc++";
				CLANG_ENABLE_MODULES = YES;
				CLANG_ENABLE_OBJC_ARC = YES;
				CLANG_WARN_BOOL_CONVERSION = YES;
				CLANG_WARN_CONSTANT_CONVERSION = YES;
				CLANG_WARN_DIRECT_OBJC_ISA_USAGE = YES_ERROR;
				CLANG_WARN_EMPTY_BODY = YES;
				CLANG_WARN_ENUM_CONVERSION = YES;
				CLANG_WARN_INT_CONVERSION = YES;
				CLANG_WARN_OBJC_ROOT_CLASS = YES_ERROR;
				CLANG_WARN_UNREACHABLE_CODE = YES;
				CLANG_WARN__DUPLICATE_METHOD_MATCH = YES;
				"CODE_SIGN_IDENTITY[sdk=iphoneos*]" = "iPhone Developer";
				COPY_PHASE_STRIP = NO;
				CURRENT_PROJECT_VERSION = 1;
				DEBUG_INFORMATION_FORMAT = "dwarf-with-dsym";
				ENABLE_STRICT_OBJC_MSGSEND = YES;
				GCC_C_LANGUAGE_STANDARD = gnu99;
				GCC_DYNAMIC_NO_PIC = NO;
				GCC_NO_COMMON_BLOCKS = YES;
				GCC_OPTIMIZATION_LEVEL = 0;
				GCC_PREPROCESSOR_DEFINITIONS = (
					"DEBUG=1",
					"$(inherited)",
				);
				GCC_WARN_64_TO_32_BIT_CONVERSION = YES;
				GCC_WARN_ABOUT_RETURN_TYPE = YES_ERROR;
				GCC_WARN_UNDECLARED_SELECTOR = YES;
				GCC_WARN_UNINITIALIZED_AUTOS = YES_AGGRESSIVE;
				GCC_WARN_UNUSED_FUNCTION = YES;
				GCC_WARN_UNUSED_VARIABLE = YES;
				IPHONEOS_DEPLOYMENT_TARGET = 6.0;
				MTL_ENABLE_DEBUG_INFO = YES;
				ONLY_ACTIVE_ARCH = YES;
				SDKROOT = iphoneos;
				TARGETED_DEVICE_FAMILY = "1,2";
				VERSIONING_SYSTEM = "apple-generic";
				VERSION_INFO_PREFIX = "";
			};
			name = Debug;
		};
		2C837B251B79E4BD007C579A /* Release */ = {
			isa = XCBuildConfiguration;
			buildSettings = {
				ALWAYS_SEARCH_USER_PATHS = NO;
				CLANG_CXX_LANGUAGE_STANDARD = "gnu++0x";
				CLANG_CXX_LIBRARY = "libc++";
				CLANG_ENABLE_MODULES = YES;
				CLANG_ENABLE_OBJC_ARC = YES;
				CLANG_WARN_BOOL_CONVERSION = YES;
				CLANG_WARN_CONSTANT_CONVERSION = YES;
				CLANG_WARN_DIRECT_OBJC_ISA_USAGE = YES_ERROR;
				CLANG_WARN_EMPTY_BODY = YES;
				CLANG_WARN_ENUM_CONVERSION = YES;
				CLANG_WARN_INT_CONVERSION = YES;
				CLANG_WARN_OBJC_ROOT_CLASS = YES_ERROR;
				CLANG_WARN_UNREACHABLE_CODE = YES;
				CLANG_WARN__DUPLICATE_METHOD_MATCH = YES;
				"CODE_SIGN_IDENTITY[sdk=iphoneos*]" = "iPhone Developer";
				COPY_PHASE_STRIP = NO;
				CURRENT_PROJECT_VERSION = 1;
				DEBUG_INFORMATION_FORMAT = dwarf;
				DEPLOYMENT_POSTPROCESSING = YES;
				ENABLE_NS_ASSERTIONS = NO;
				ENABLE_STRICT_OBJC_MSGSEND = YES;
				GCC_C_LANGUAGE_STANDARD = gnu99;
				GCC_GENERATE_DEBUGGING_SYMBOLS = NO;
				GCC_NO_COMMON_BLOCKS = YES;
				GCC_SYMBOLS_PRIVATE_EXTERN = YES;
				GCC_WARN_64_TO_32_BIT_CONVERSION = YES;
				GCC_WARN_ABOUT_RETURN_TYPE = YES_ERROR;
				GCC_WARN_UNDECLARED_SELECTOR = YES;
				GCC_WARN_UNINITIALIZED_AUTOS = YES_AGGRESSIVE;
				GCC_WARN_UNUSED_FUNCTION = YES;
				GCC_WARN_UNUSED_VARIABLE = YES;
				IPHONEOS_DEPLOYMENT_TARGET = 6.0;
				MTL_ENABLE_DEBUG_INFO = NO;
				SDKROOT = iphoneos;
				TARGETED_DEVICE_FAMILY = "1,2";
				VALIDATE_PRODUCT = YES;
				VERSIONING_SYSTEM = "apple-generic";
				VERSION_INFO_PREFIX = "";
			};
			name = Release;
		};
/* End XCBuildConfiguration section */

/* Begin XCConfigurationList section */
		2C17D4231B8B890900E30C27 /* Build configuration list for PBXNativeTarget "MisfitCloudAPI" */ = {
			isa = XCConfigurationList;
			buildConfigurations = (
				2C17D4241B8B890900E30C27 /* Debug */,
				2C17D4251B8B890900E30C27 /* Release */,
			);
			defaultConfigurationIsVisible = 0;
			defaultConfigurationName = Release;
		};
		2C837B0A1B79E4BC007C579A /* Build configuration list for PBXProject "MisfitCloudAPIWrapper_iOS" */ = {
			isa = XCConfigurationList;
			buildConfigurations = (
				2C837B241B79E4BD007C579A /* Debug */,
				2C837B251B79E4BD007C579A /* Release */,
			);
			defaultConfigurationIsVisible = 0;
			defaultConfigurationName = Release;
		};
/* End XCConfigurationList section */
	};
	rootObject = 2C837B071B79E4BC007C579A /* Project object */;
}
